# THIS IS AN AUTOGENERATED FILE. DO NOT EDIT THIS FILE DIRECTLY.
# yarn lockfile v1


"@propelauth/javascript@^2.0.14":
  version "2.0.14"
  resolved "https://registry.yarnpkg.com/@propelauth/javascript/-/javascript-2.0.14.tgz#f32eba7ec52e99eb05422c0798476806d4345fc1"
  integrity sha512-sqvJCc5TV/C8+YTlE4FAhESdPkXeFVx+HAsJ9qLTvy7vdchiciYKiTf+r95qnr3Ut2i/HxENj+C6IUi42GQ7nA==

"@propelauth/react@^2.0.18":
  version "2.0.18"
  resolved "https://registry.yarnpkg.com/@propelauth/react/-/react-2.0.18.tgz#f2f6da9c568da773340abc0ddf58fd4d67f188ab"
  integrity sha512-RdzUw8ahiyD8m8OryDhJg5yxve/s878HVYhNw5ykI1TU8e/u0dUqfPFP0jJnZ6ex5JtSyCQZ6slsk1nIr6+5DQ==
  dependencies:
    "@propelauth/javascript" "^2.0.14"
    hoist-non-react-statics "^3.3.2"
    utility-types "^3.10.0"

"@types/node@^20.11.30":
  version "20.11.30"
  resolved "https://registry.yarnpkg.com/@types/node/-/node-20.11.30.tgz#9c33467fc23167a347e73834f788f4b9f399d66f"
  integrity sha512-dHM6ZxwlmuZaRmUPfv1p+KrdD1Dci04FbdEm/9wEMouFqxYoFl5aMkt0VMAUtYRQDyYvD41WJLukhq/ha3YuTw==
  dependencies:
    undici-types "~5.26.4"

hoist-non-react-statics@^3.3.2:
  version "3.3.2"
  resolved "https://registry.yarnpkg.com/hoist-non-react-statics/-/hoist-non-react-statics-3.3.2.tgz#ece0acaf71d62c2969c2ec59feff42a4b1a85b45"
  integrity sha512-/gGivxi8JPKWNm/W0jSmzcMPpfpPLc3dY/6GxhX2hQ9iGj3aDfklV4ET7NjKpSinLpJ5vafa9iiGIEZg10SfBw==
  dependencies:
    react-is "^16.7.0"

react-is@^16.7.0:
  version "16.13.1"
  resolved "https://registry.yarnpkg.com/react-is/-/react-is-16.13.1.tgz#789729a4dc36de2999dc156dd6c1d9c18cea56a4"
  integrity sha512-24e6ynE2H+OKt4kqsOvNd8kBpV65zoxbA4BVsEOB3ARVWQki/DHzaUoC5KuON/BiccDaCCTZBuOcfZs70kR8bQ==

undici-types@~5.26.4:
  version "5.26.5"
  resolved "https://registry.yarnpkg.com/undici-types/-/undici-types-5.26.5.tgz#bcd539893d00b56e964fd2657a4866b221a65617"
  integrity sha512-JlCMO+ehdEIKqlFxk6IfVoAUVmgz7cU7zD/h9XZ0qzeosSHmUJVOzSQvvYSYWXkFXC+IfLKSIffhv0sVZup6pA==

utility-types@^3.10.0:
  version "3.11.0"
  resolved "https://registry.yarnpkg.com/utility-types/-/utility-types-3.11.0.tgz#607c40edb4f258915e901ea7995607fdf319424c"
  integrity sha512-6Z7Ma2aVEWisaL6TvBCy7P8rm2LQoPv6dJ7ecIaIixHcwfbJ0x7mWdbcwlIM5IGQxPZSFYeqRCqlOOeKoJYMkw==
